
Microsoft Visual Studio Solution File, Format Version 12.00
# Visual Studio 15
VisualStudioVersion = 15.0.28307.779
MinimumVisualStudioVersion = 10.0.40219.1
Project("{FAE04EC0-301F-11D3-BF4B-00C04F79EFBC}") = "TestAPI2", "TestAPI2\TestAPI2.csproj", "{A170896A-494A-4A99-8740-425834FE37CA}"
EndProject
Global
	GlobalSection(SolutionConfigurationPlatforms) = preSolution
		Debug|Any CPU = Debug|Any CPU
		Release|Any CPU = Release|Any CPU
	EndGlobalSection
	GlobalSection(ProjectConfigurationPlatforms) = postSolution
		{A170896A-494A-4A99-8740-425834FE37CA}.Debug|Any CPU.ActiveCfg = Debug|Any CPU
		{A170896A-494A-4A99-8740-425834FE37CA}.Debug|Any CPU.Build.0 = Debug|Any CPU
		{A170896A-494A-4A99-8740-425834FE37CA}.Release|Any CPU.ActiveCfg = Release|Any CPU
		{A170896A-494A-4A99-8740-425834FE37CA}.Release|Any CPU.Build.0 = Release|Any CPU
	EndGlobalSection
	GlobalSection(SolutionProperties) = preSolution
		HideSolutionNode = FALSE
	EndGlobalSection
	GlobalSection(ExtensibilityGlobals) = postSolution
		SolutionGuid = {91AD4423-72F3-435E-A08E-07D8BA46D82E}
	EndGlobalSection
EndGlobal
